// !$*UTF8*$!
{
	archiveVersion = 1;
	classes = {
	};
	objectVersion = 56;
	objects = {

/* Begin PBXBuildFile section */
		AD68289629A3E74C00629106 /* LoginView.swift in Sources */ = {isa = PBXBuildFile; fileRef = AD68289529A3E74C00629106 /* LoginView.swift */; };
		AD68289829A3E77D00629106 /* AuthenticationViewModel.swift in Sources */ = {isa = PBXBuildFile; fileRef = AD68289729A3E77D00629106 /* AuthenticationViewModel.swift */; };
		AD68289A29A3E7A700629106 /* RegistrationView.swift in Sources */ = {isa = PBXBuildFile; fileRef = AD68289929A3E7A700629106 /* RegistrationView.swift */; };
		AD68289C29A3E7CA00629106 /* AppTextField.swift in Sources */ = {isa = PBXBuildFile; fileRef = AD68289B29A3E7CA00629106 /* AppTextField.swift */; };
		AD68289E29A3E7E200629106 /* AppDivider.swift in Sources */ = {isa = PBXBuildFile; fileRef = AD68289D29A3E7E200629106 /* AppDivider.swift */; };
		AD6828A029A3E80800629106 /* AuthenticationButton.swift in Sources */ = {isa = PBXBuildFile; fileRef = AD68289F29A3E80800629106 /* AuthenticationButton.swift */; };
		AD6828A229A3E81A00629106 /* Or.swift in Sources */ = {isa = PBXBuildFile; fileRef = AD6828A129A3E81A00629106 /* Or.swift */; };
		AD6828A429A3E82F00629106 /* AutenticationRepository.swift in Sources */ = {isa = PBXBuildFile; fileRef = AD6828A329A3E82F00629106 /* AutenticationRepository.swift */; };
		AD6828A629A3E84E00629106 /* User.swift in Sources */ = {isa = PBXBuildFile; fileRef = AD6828A529A3E84E00629106 /* User.swift */; };
		ADC2930D29A37F3E00E2F8D9 /* SwiftUI_InstagramApp.swift in Sources */ = {isa = PBXBuildFile; fileRef = ADC2930C29A37F3E00E2F8D9 /* SwiftUI_InstagramApp.swift */; };
		ADC2931129A37F3F00E2F8D9 /* Assets.xcassets in Resources */ = {isa = PBXBuildFile; fileRef = ADC2931029A37F3F00E2F8D9 /* Assets.xcassets */; };
		ADC2931429A37F3F00E2F8D9 /* Preview Assets.xcassets in Resources */ = {isa = PBXBuildFile; fileRef = ADC2931329A37F3F00E2F8D9 /* Preview Assets.xcassets */; };
		ADFEAA2D29A4164A005DCC5C /* FirebaseAuth in Frameworks */ = {isa = PBXBuildFile; productRef = ADFEAA2C29A4164A005DCC5C /* FirebaseAuth */; };
/* End PBXBuildFile section */

/* Begin PBXFileReference section */
		AD68289529A3E74C00629106 /* LoginView.swift */ = {isa = PBXFileReference; lastKnownFileType = sourcecode.swift; path = LoginView.swift; sourceTree = "<group>"; };
		AD68289729A3E77D00629106 /* AuthenticationViewModel.swift */ = {isa = PBXFileReference; lastKnownFileType = sourcecode.swift; path = AuthenticationViewModel.swift; sourceTree = "<group>"; };
		AD68289929A3E7A700629106 /* RegistrationView.swift */ = {isa = PBXFileReference; lastKnownFileType = sourcecode.swift; path = RegistrationView.swift; sourceTree = "<group>"; };
		AD68289B29A3E7CA00629106 /* AppTextField.swift */ = {isa = PBXFileReference; lastKnownFileType = sourcecode.swift; path = AppTextField.swift; sourceTree = "<group>"; };
		AD68289D29A3E7E200629106 /* AppDivider.swift */ = {isa = PBXFileReference; lastKnownFileType = sourcecode.swift; path = AppDivider.swift; sourceTree = "<group>"; };
		AD68289F29A3E80800629106 /* AuthenticationButton.swift */ = {isa = PBXFileReference; lastKnownFileType = sourcecode.swift; path = AuthenticationButton.swift; sourceTree = "<group>"; };
		AD6828A129A3E81A00629106 /* Or.swift */ = {isa = PBXFileReference; lastKnownFileType = sourcecode.swift; path = Or.swift; sourceTree = "<group>"; };
		AD6828A329A3E82F00629106 /* AutenticationRepository.swift */ = {isa = PBXFileReference; lastKnownFileType = sourcecode.swift; path = AutenticationRepository.swift; sourceTree = "<group>"; };
		AD6828A529A3E84E00629106 /* User.swift */ = {isa = PBXFileReference; lastKnownFileType = sourcecode.swift; path = User.swift; sourceTree = "<group>"; };
		ADC2930929A37F3E00E2F8D9 /* SwiftUI_Instagram.app */ = {isa = PBXFileReference; explicitFileType = wrapper.application; includeInIndex = 0; path = SwiftUI_Instagram.app; sourceTree = BUILT_PRODUCTS_DIR; };
		ADC2930C29A37F3E00E2F8D9 /* SwiftUI_InstagramApp.swift */ = {isa = PBXFileReference; lastKnownFileType = sourcecode.swift; path = SwiftUI_InstagramApp.swift; sourceTree = "<group>"; };
		ADC2931029A37F3F00E2F8D9 /* Assets.xcassets */ = {isa = PBXFileReference; lastKnownFileType = folder.assetcatalog; path = Assets.xcassets; sourceTree = "<group>"; };
		ADC2931329A37F3F00E2F8D9 /* Preview Assets.xcassets */ = {isa = PBXFileReference; lastKnownFileType = folder.assetcatalog; path = "Preview Assets.xcassets"; sourceTree = "<group>"; };
/* End PBXFileReference section */

/* Begin PBXFrameworksBuildPhase section */
		ADC2930629A37F3E00E2F8D9 /* Frameworks */ = {
			isa = PBXFrameworksBuildPhase;
			buildActionMask = 2147483647;
			files = (
				ADFEAA2D29A4164A005DCC5C /* FirebaseAuth in Frameworks */,
			);
			runOnlyForDeploymentPostprocessing = 0;
		};
/* End PBXFrameworksBuildPhase section */

/* Begin PBXGroup section */
		AD68288A29A3E67B00629106 /* Views */ = {
			isa = PBXGroup;
			children = (
				AD68288F29A3E6B200629106 /* AuthenticationViews */,
			);
			path = Views;
			sourceTree = "<group>";
		};
		AD68288B29A3E68100629106 /* Data */ = {
			isa = PBXGroup;
			children = (
			);
			path = Data;
			sourceTree = "<group>";
		};
		AD68288C29A3E68800629106 /* Domain */ = {
			isa = PBXGroup;
			children = (
				AD68288E29A3E69200629106 /* Repository */,
				AD68288D29A3E68E00629106 /* Model */,
			);
			path = Domain;
			sourceTree = "<group>";
		};
		AD68288D29A3E68E00629106 /* Model */ = {
			isa = PBXGroup;
			children = (
				AD6828A529A3E84E00629106 /* User.swift */,
			);
			path = Model;
			sourceTree = "<group>";
		};
		AD68288E29A3E69200629106 /* Repository */ = {
			isa = PBXGroup;
			children = (
				AD6828A329A3E82F00629106 /* AutenticationRepository.swift */,
			);
			path = Repository;
			sourceTree = "<group>";
		};
		AD68288F29A3E6B200629106 /* AuthenticationViews */ = {
			isa = PBXGroup;
			children = (
				AD68289329A3E71400629106 /* Registration */,
				AD68289229A3E70B00629106 /* Login */,
				AD68289129A3E70500629106 /* Components */,
				AD68289029A3E6FF00629106 /* Common */,
				AD68289729A3E77D00629106 /* AuthenticationViewModel.swift */,
			);
			path = AuthenticationViews;
			sourceTree = "<group>";
		};
		AD68289029A3E6FF00629106 /* Common */ = {
			isa = PBXGroup;
			children = (
				AD68289F29A3E80800629106 /* AuthenticationButton.swift */,
				AD6828A129A3E81A00629106 /* Or.swift */,
			);
			path = Common;
			sourceTree = "<group>";
		};
		AD68289129A3E70500629106 /* Components */ = {
			isa = PBXGroup;
			children = (
				AD68289B29A3E7CA00629106 /* AppTextField.swift */,
				AD68289D29A3E7E200629106 /* AppDivider.swift */,
			);
			path = Components;
			sourceTree = "<group>";
		};
		AD68289229A3E70B00629106 /* Login */ = {
			isa = PBXGroup;
			children = (
				AD68289529A3E74C00629106 /* LoginView.swift */,
			);
			path = Login;
			sourceTree = "<group>";
		};
		AD68289329A3E71400629106 /* Registration */ = {
			isa = PBXGroup;
			children = (
				AD68289929A3E7A700629106 /* RegistrationView.swift */,
			);
			path = Registration;
			sourceTree = "<group>";
		};
		ADC2930029A37F3E00E2F8D9 = {
			isa = PBXGroup;
			children = (
				ADC2930B29A37F3E00E2F8D9 /* SwiftUI_Instagram */,
				ADC2930A29A37F3E00E2F8D9 /* Products */,
			);
			sourceTree = "<group>";
		};
		ADC2930A29A37F3E00E2F8D9 /* Products */ = {
			isa = PBXGroup;
			children = (
				ADC2930929A37F3E00E2F8D9 /* SwiftUI_Instagram.app */,
			);
			name = Products;
			sourceTree = "<group>";
		};
		ADC2930B29A37F3E00E2F8D9 /* SwiftUI_Instagram */ = {
			isa = PBXGroup;
			children = (
				AD68288B29A3E68100629106 /* Data */,
				AD68288C29A3E68800629106 /* Domain */,
				AD68288A29A3E67B00629106 /* Views */,
				ADC2930C29A37F3E00E2F8D9 /* SwiftUI_InstagramApp.swift */,
				ADC2931029A37F3F00E2F8D9 /* Assets.xcassets */,
				ADC2931229A37F3F00E2F8D9 /* Preview Content */,
			);
			path = SwiftUI_Instagram;
			sourceTree = "<group>";
		};
		ADC2931229A37F3F00E2F8D9 /* Preview Content */ = {
			isa = PBXGroup;
			children = (
				ADC2931329A37F3F00E2F8D9 /* Preview Assets.xcassets */,
			);
			path = "Preview Content";
			sourceTree = "<group>";
		};
/* End PBXGroup section */

/* Begin PBXNativeTarget section */
		ADC2930829A37F3E00E2F8D9 /* SwiftUI_Instagram */ = {
			isa = PBXNativeTarget;
			buildConfigurationList = ADC2931729A37F3F00E2F8D9 /* Build configuration list for PBXNativeTarget "SwiftUI_Instagram" */;
			buildPhases = (
				ADC2930529A37F3E00E2F8D9 /* Sources */,
				ADC2930629A37F3E00E2F8D9 /* Frameworks */,
				ADC2930729A37F3E00E2F8D9 /* Resources */,
			);
			buildRules = (
			);
			dependencies = (
			);
			name = SwiftUI_Instagram;
			packageProductDependencies = (
				ADFEAA2C29A4164A005DCC5C /* FirebaseAuth */,
			);
			productName = SwiftUI_Instagram;
			productReference = ADC2930929A37F3E00E2F8D9 /* SwiftUI_Instagram.app */;
			productType = "com.apple.product-type.application";
		};
/* End PBXNativeTarget section */

/* Begin PBXProject section */
		ADC2930129A37F3E00E2F8D9 /* Project object */ = {
			isa = PBXProject;
			attributes = {
				BuildIndependentTargetsInParallel = 1;
				LastSwiftUpdateCheck = 1420;
				LastUpgradeCheck = 1420;
				TargetAttributes = {
					ADC2930829A37F3E00E2F8D9 = {
						CreatedOnToolsVersion = 14.2;
					};
				};
			};
			buildConfigurationList = ADC2930429A37F3E00E2F8D9 /* Build configuration list for PBXProject "SwiftUI_Instagram" */;
			compatibilityVersion = "Xcode 14.0";
			developmentRegion = en;
			hasScannedForEncodings = 0;
			knownRegions = (
				en,
				Base,
			);
			mainGroup = ADC2930029A37F3E00E2F8D9;
			packageReferences = (
				ADFEAA2B29A4164A005DCC5C /* XCRemoteSwiftPackageReference "firebase-ios-sdk" */,
			);
			productRefGroup = ADC2930A29A37F3E00E2F8D9 /* Products */;
			projectDirPath = "";
			projectRoot = "";
			targets = (
				ADC2930829A37F3E00E2F8D9 /* SwiftUI_Instagram */,
			);
		};
/* End PBXProject section */

/* Begin PBXResourcesBuildPhase section */
		ADC2930729A37F3E00E2F8D9 /* Resources */ = {
			isa = PBXResourcesBuildPhase;
			buildActionMask = 2147483647;
			files = (
				ADC2931429A37F3F00E2F8D9 /* Preview Assets.xcassets in Resources */,
				ADC2931129A37F3F00E2F8D9 /* Assets.xcassets in Resources */,
			);
			runOnlyForDeploymentPostprocessing = 0;
		};
/* End PBXResourcesBuildPhase section */

/* Begin PBXSourcesBuildPhase section */
		ADC2930529A37F3E00E2F8D9 /* Sources */ = {
			isa = PBXSourcesBuildPhase;
			buildActionMask = 2147483647;
			files = (
				AD68289829A3E77D00629106 /* AuthenticationViewModel.swift in Sources */,
				AD68289629A3E74C00629106 /* LoginView.swift in Sources */,
				AD6828A029A3E80800629106 /* AuthenticationButton.swift in Sources */,
				ADC2930D29A37F3E00E2F8D9 /* SwiftUI_InstagramApp.swift in Sources */,
				AD6828A229A3E81A00629106 /* Or.swift in Sources */,
				AD68289A29A3E7A700629106 /* RegistrationView.swift in Sources */,
				AD68289C29A3E7CA00629106 /* AppTextField.swift in Sources */,
				AD6828A429A3E82F00629106 /* AutenticationRepository.swift in Sources */,
				AD6828A629A3E84E00629106 /* User.swift in Sources */,
				AD68289E29A3E7E200629106 /* AppDivider.swift in Sources */,
			);
			runOnlyForDeploymentPostprocessing = 0;
		};
/* End PBXSourcesBuildPhase section */

/* Begin XCBuildConfiguration section */
		ADC2931529A37F3F00E2F8D9 /* Debug */ = {
			isa = XCBuildConfiguration;
			buildSettings = {
				ALWAYS_SEARCH_USER_PATHS = NO;
				CLANG_ANALYZER_NONNULL = YES;
				CLANG_ANALYZER_NUMBER_OBJECT_CONVERSION = YES_AGGRESSIVE;
				CLANG_CXX_LANGUAGE_STANDARD = "gnu++20";
				CLANG_ENABLE_MODULES = YES;
				CLANG_ENABLE_OBJC_ARC = YES;
				CLANG_ENABLE_OBJC_WEAK = YES;
				CLANG_WARN_BLOCK_CAPTURE_AUTORELEASING = YES;
				CLANG_WARN_BOOL_CONVERSION = YES;
				CLANG_WARN_COMMA = YES;
				CLANG_WARN_CONSTANT_CONVERSION = YES;
				CLANG_WARN_DEPRECATED_OBJC_IMPLEMENTATIONS = YES;
				CLANG_WARN_DIRECT_OBJC_ISA_USAGE = YES_ERROR;
				CLANG_WARN_DOCUMENTATION_COMMENTS = YES;
				CLANG_WARN_EMPTY_BODY = YES;
				CLANG_WARN_ENUM_CONVERSION = YES;
				CLANG_WARN_INFINITE_RECURSION = YES;
				CLANG_WARN_INT_CONVERSION = YES;
				CLANG_WARN_NON_LITERAL_NULL_CONVERSION = YES;
				CLANG_WARN_OBJC_IMPLICIT_RETAIN_SELF = YES;
				CLANG_WARN_OBJC_LITERAL_CONVERSION = YES;
				CLANG_WARN_OBJC_ROOT_CLASS = YES_ERROR;
				CLANG_WARN_QUOTED_INCLUDE_IN_FRAMEWORK_HEADER = YES;
				CLANG_WARN_RANGE_LOOP_ANALYSIS = YES;
				CLANG_WARN_STRICT_PROTOTYPES = YES;
				CLANG_WARN_SUSPICIOUS_MOVE = YES;
				CLANG_WARN_UNGUARDED_AVAILABILITY = YES_AGGRESSIVE;
				CLANG_WARN_UNREACHABLE_CODE = YES;
				CLANG_WARN__DUPLICATE_METHOD_MATCH = YES;
				COPY_PHASE_STRIP = NO;
				DEBUG_INFORMATION_FORMAT = dwarf;
				ENABLE_STRICT_OBJC_MSGSEND = YES;
				ENABLE_TESTABILITY = YES;
				GCC_C_LANGUAGE_STANDARD = gnu11;
				GCC_DYNAMIC_NO_PIC = NO;
				GCC_NO_COMMON_BLOCKS = YES;
				GCC_OPTIMIZATION_LEVEL = 0;
				GCC_PREPROCESSOR_DEFINITIONS = (
					"DEBUG=1",
					"$(inherited)",
				);
				GCC_WARN_64_TO_32_BIT_CONVERSION = YES;
				GCC_WARN_ABOUT_RETURN_TYPE = YES_ERROR;
				GCC_WARN_UNDECLARED_SELECTOR = YES;
				GCC_WARN_UNINITIALIZED_AUTOS = YES_AGGRESSIVE;
				GCC_WARN_UNUSED_FUNCTION = YES;
				GCC_WARN_UNUSED_VARIABLE = YES;
				IPHONEOS_DEPLOYMENT_TARGET = 16.2;
				MTL_ENABLE_DEBUG_INFO = INCLUDE_SOURCE;
				MTL_FAST_MATH = YES;
				ONLY_ACTIVE_ARCH = YES;
				SDKROOT = iphoneos;
				SWIFT_ACTIVE_COMPILATION_CONDITIONS = DEBUG;
				SWIFT_OPTIMIZATION_LEVEL = "-Onone";
			};
			name = Debug;
		};
		ADC2931629A37F3F00E2F8D9 /* Release */ = {
			isa = XCBuildConfiguration;
			buildSettings = {
				ALWAYS_SEARCH_USER_PATHS = NO;
				CLANG_ANALYZER_NONNULL = YES;
				CLANG_ANALYZER_NUMBER_OBJECT_CONVERSION = YES_AGGRESSIVE;
				CLANG_CXX_LANGUAGE_STANDARD = "gnu++20";
				CLANG_ENABLE_MODULES = YES;
				CLANG_ENABLE_OBJC_ARC = YES;
				CLANG_ENABLE_OBJC_WEAK = YES;
				CLANG_WARN_BLOCK_CAPTURE_AUTORELEASING = YES;
				CLANG_WARN_BOOL_CONVERSION = YES;
				CLANG_WARN_COMMA = YES;
				CLANG_WARN_CONSTANT_CONVERSION = YES;
				CLANG_WARN_DEPRECATED_OBJC_IMPLEMENTATIONS = YES;
				CLANG_WARN_DIRECT_OBJC_ISA_USAGE = YES_ERROR;
				CLANG_WARN_DOCUMENTATION_COMMENTS = YES;
				CLANG_WARN_EMPTY_BODY = YES;
				CLANG_WARN_ENUM_CONVERSION = YES;
				CLANG_WARN_INFINITE_RECURSION = YES;
				CLANG_WARN_INT_CONVERSION = YES;
				CLANG_WARN_NON_LITERAL_NULL_CONVERSION = YES;
				CLANG_WARN_OBJC_IMPLICIT_RETAIN_SELF = YES;
				CLANG_WARN_OBJC_LITERAL_CONVERSION = YES;
				CLANG_WARN_OBJC_ROOT_CLASS = YES_ERROR;
				CLANG_WARN_QUOTED_INCLUDE_IN_FRAMEWORK_HEADER = YES;
				CLANG_WARN_RANGE_LOOP_ANALYSIS = YES;
				CLANG_WARN_STRICT_PROTOTYPES = YES;
				CLANG_WARN_SUSPICIOUS_MOVE = YES;
				CLANG_WARN_UNGUARDED_AVAILABILITY = YES_AGGRESSIVE;
				CLANG_WARN_UNREACHABLE_CODE = YES;
				CLANG_WARN__DUPLICATE_METHOD_MATCH = YES;
				COPY_PHASE_STRIP = NO;
				DEBUG_INFORMATION_FORMAT = "dwarf-with-dsym";
				ENABLE_NS_ASSERTIONS = NO;
				ENABLE_STRICT_OBJC_MSGSEND = YES;
				GCC_C_LANGUAGE_STANDARD = gnu11;
				GCC_NO_COMMON_BLOCKS = YES;
				GCC_WARN_64_TO_32_BIT_CONVERSION = YES;
				GCC_WARN_ABOUT_RETURN_TYPE = YES_ERROR;
				GCC_WARN_UNDECLARED_SELECTOR = YES;
				GCC_WARN_UNINITIALIZED_AUTOS = YES_AGGRESSIVE;
				GCC_WARN_UNUSED_FUNCTION = YES;
				GCC_WARN_UNUSED_VARIABLE = YES;
				IPHONEOS_DEPLOYMENT_TARGET = 16.2;
				MTL_ENABLE_DEBUG_INFO = NO;
				MTL_FAST_MATH = YES;
				SDKROOT = iphoneos;
				SWIFT_COMPILATION_MODE = wholemodule;
				SWIFT_OPTIMIZATION_LEVEL = "-O";
				VALIDATE_PRODUCT = YES;
			};
			name = Release;
		};
		ADC2931829A37F3F00E2F8D9 /* Debug */ = {
			isa = XCBuildConfiguration;
			buildSettings = {
				ASSETCATALOG_COMPILER_APPICON_NAME = AppIcon;
				ASSETCATALOG_COMPILER_GLOBAL_ACCENT_COLOR_NAME = AccentColor;
				CODE_SIGN_STYLE = Automatic;
				CURRENT_PROJECT_VERSION = 1;
				DEVELOPMENT_ASSET_PATHS = "\"SwiftUI_Instagram/Preview Content\"";
				DEVELOPMENT_TEAM = 7FFX35XVSM;
				ENABLE_PREVIEWS = YES;
				GENERATE_INFOPLIST_FILE = YES;
				INFOPLIST_KEY_UIApplicationSceneManifest_Generation = YES;
				INFOPLIST_KEY_UIApplicationSupportsIndirectInputEvents = YES;
				INFOPLIST_KEY_UILaunchScreen_Generation = YES;
				INFOPLIST_KEY_UISupportedInterfaceOrientations_iPad = "UIInterfaceOrientationPortrait UIInterfaceOrientationPortraitUpsideDown UIInterfaceOrientationLandscapeLeft UIInterfaceOrientationLandscapeRight";
				INFOPLIST_KEY_UISupportedInterfaceOrientations_iPhone = "UIInterfaceOrientationPortrait UIInterfaceOrientationLandscapeLeft UIInterfaceOrientationLandscapeRight";
				LD_RUNPATH_SEARCH_PATHS = (
					"$(inherited)",
					"@executable_path/Frameworks",
				);
				MARKETING_VERSION = 1.0;
				PRODUCT_BUNDLE_IDENTIFIER = "com.zeroone.SwiftUI-Instagram";
				PRODUCT_NAME = "$(TARGET_NAME)";
				SWIFT_EMIT_LOC_STRINGS = YES;
				SWIFT_VERSION = 5.0;
				TARGETED_DEVICE_FAMILY = "1,2";
			};
			name = Debug;
		};
		ADC2931929A37F3F00E2F8D9 /* Release */ = {
			isa = XCBuildConfiguration;
			buildSettings = {
				ASSETCATALOG_COMPILER_APPICON_NAME = AppIcon;
				ASSETCATALOG_COMPILER_GLOBAL_ACCENT_COLOR_NAME = AccentColor;
				CODE_SIGN_STYLE = Automatic;
				CURRENT_PROJECT_VERSION = 1;
				DEVELOPMENT_ASSET_PATHS = "\"SwiftUI_Instagram/Preview Content\"";
				DEVELOPMENT_TEAM = 7FFX35XVSM;
				ENABLE_PREVIEWS = YES;
				GENERATE_INFOPLIST_FILE = YES;
				INFOPLIST_KEY_UIApplicationSceneManifest_Generation = YES;
				INFOPLIST_KEY_UIApplicationSupportsIndirectInputEvents = YES;
				INFOPLIST_KEY_UILaunchScreen_Generation = YES;
				INFOPLIST_KEY_UISupportedInterfaceOrientations_iPad = "UIInterfaceOrientationPortrait UIInterfaceOrientationPortraitUpsideDown UIInterfaceOrientationLandscapeLeft UIInterfaceOrientationLandscapeRight";
				INFOPLIST_KEY_UISupportedInterfaceOrientations_iPhone = "UIInterfaceOrientationPortrait UIInterfaceOrientationLandscapeLeft UIInterfaceOrientationLandscapeRight";
				LD_RUNPATH_SEARCH_PATHS = (
					"$(inherited)",
					"@executable_path/Frameworks",
				);
				MARKETING_VERSION = 1.0;
				PRODUCT_BUNDLE_IDENTIFIER = "com.zeroone.SwiftUI-Instagram";
				PRODUCT_NAME = "$(TARGET_NAME)";
				SWIFT_EMIT_LOC_STRINGS = YES;
				SWIFT_VERSION = 5.0;
				TARGETED_DEVICE_FAMILY = "1,2";
			};
			name = Release;
		};
/* End XCBuildConfiguration section */

/* Begin XCConfigurationList section */
		ADC2930429A37F3E00E2F8D9 /* Build configuration list for PBXProject "SwiftUI_Instagram" */ = {
			isa = XCConfigurationList;
			buildConfigurations = (
				ADC2931529A37F3F00E2F8D9 /* Debug */,
				ADC2931629A37F3F00E2F8D9 /* Release */,
			);
			defaultConfigurationIsVisible = 0;
			defaultConfigurationName = Release;
		};
		ADC2931729A37F3F00E2F8D9 /* Build configuration list for PBXNativeTarget "SwiftUI_Instagram" */ = {
			isa = XCConfigurationList;
			buildConfigurations = (
				ADC2931829A37F3F00E2F8D9 /* Debug */,
				ADC2931929A37F3F00E2F8D9 /* Release */,
			);
			defaultConfigurationIsVisible = 0;
			defaultConfigurationName = Release;
		};
/* End XCConfigurationList section */

/* Begin XCRemoteSwiftPackageReference section */
		ADFEAA2B29A4164A005DCC5C /* XCRemoteSwiftPackageReference "firebase-ios-sdk" */ = {
			isa = XCRemoteSwiftPackageReference;
			repositoryURL = "https://github.com/firebase/firebase-ios-sdk";
			requirement = {
				kind = upToNextMajorVersion;
				minimumVersion = 9.0.0;
			};
		};
/* End XCRemoteSwiftPackageReference section */

/* Begin XCSwiftPackageProductDependency section */
		ADFEAA2C29A4164A005DCC5C /* FirebaseAuth */ = {
			isa = XCSwiftPackageProductDependency;
			package = ADFEAA2B29A4164A005DCC5C /* XCRemoteSwiftPackageReference "firebase-ios-sdk" */;
			productName = FirebaseAuth;
		};
/* End XCSwiftPackageProductDependency section */
	};
	rootObject = ADC2930129A37F3E00E2F8D9 /* Project object */;
}
